
Microsoft Visual Studio Solution File, Format Version 12.00
# Visual Studio Version 17
VisualStudioVersion = 17.11.35327.3
MinimumVisualStudioVersion = 10.0.40219.1
Project("{FAE04EC0-301F-11D3-BF4B-00C04F79EFBC}") = "trabalhoPOO_27969_Fase2", "trabalhoPOO_27969_Fase2.csproj", "{4687D911-803C-40D2-930A-79F88140DCF9}"
EndProject
Project("{FAE04EC0-301F-11D3-BF4B-00C04F79EFBC}") = "BusinessRulesLib", "..\BusinessRulesLib\BusinessRulesLib.csproj", "{EF2F3756-72AB-4C21-9917-9368F5B0E934}"
EndProject
Project("{FAE04EC0-301F-11D3-BF4B-00C04F79EFBC}") = "BusinessObjectsLib", "..\BusinessObjectsLib\BusinessObjectsLib.csproj", "{01E4CFA5-C030-4724-B692-FE1892C48C04}"
EndProject
Project("{FAE04EC0-301F-11D3-BF4B-00C04F79EFBC}") = "DataLib", "..\DataLib\DataLib.csproj", "{5619DA26-B7B1-4A60-A7A7-B253552DD58D}"
EndProject
Project("{FAE04EC0-301F-11D3-BF4B-00C04F79EFBC}") = "Utils", "..\Utils\Utils.csproj", "{21CE6BB5-374F-4ED0-987F-5FD3BF6A7C1F}"
EndProject
Global
	GlobalSection(SolutionConfigurationPlatforms) = preSolution
		Debug|Any CPU = Debug|Any CPU
		Release|Any CPU = Release|Any CPU
	EndGlobalSection
	GlobalSection(ProjectConfigurationPlatforms) = postSolution
		{4687D911-803C-40D2-930A-79F88140DCF9}.Debug|Any CPU.ActiveCfg = Debug|Any CPU
		{4687D911-803C-40D2-930A-79F88140DCF9}.Debug|Any CPU.Build.0 = Debug|Any CPU
		{4687D911-803C-40D2-930A-79F88140DCF9}.Release|Any CPU.ActiveCfg = Release|Any CPU
		{4687D911-803C-40D2-930A-79F88140DCF9}.Release|Any CPU.Build.0 = Release|Any CPU
		{EF2F3756-72AB-4C21-9917-9368F5B0E934}.Debug|Any CPU.ActiveCfg = Debug|Any CPU
		{EF2F3756-72AB-4C21-9917-9368F5B0E934}.Debug|Any CPU.Build.0 = Debug|Any CPU
		{EF2F3756-72AB-4C21-9917-9368F5B0E934}.Release|Any CPU.ActiveCfg = Release|Any CPU
		{EF2F3756-72AB-4C21-9917-9368F5B0E934}.Release|Any CPU.Build.0 = Release|Any CPU
		{01E4CFA5-C030-4724-B692-FE1892C48C04}.Debug|Any CPU.ActiveCfg = Debug|Any CPU
		{01E4CFA5-C030-4724-B692-FE1892C48C04}.Debug|Any CPU.Build.0 = Debug|Any CPU
		{01E4CFA5-C030-4724-B692-FE1892C48C04}.Release|Any CPU.ActiveCfg = Release|Any CPU
		{01E4CFA5-C030-4724-B692-FE1892C48C04}.Release|Any CPU.Build.0 = Release|Any CPU
		{5619DA26-B7B1-4A60-A7A7-B253552DD58D}.Debug|Any CPU.ActiveCfg = Debug|Any CPU
		{5619DA26-B7B1-4A60-A7A7-B253552DD58D}.Debug|Any CPU.Build.0 = Debug|Any CPU
		{5619DA26-B7B1-4A60-A7A7-B253552DD58D}.Release|Any CPU.ActiveCfg = Release|Any CPU
		{5619DA26-B7B1-4A60-A7A7-B253552DD58D}.Release|Any CPU.Build.0 = Release|Any CPU
		{21CE6BB5-374F-4ED0-987F-5FD3BF6A7C1F}.Debug|Any CPU.ActiveCfg = Debug|Any CPU
		{21CE6BB5-374F-4ED0-987F-5FD3BF6A7C1F}.Debug|Any CPU.Build.0 = Debug|Any CPU
		{21CE6BB5-374F-4ED0-987F-5FD3BF6A7C1F}.Release|Any CPU.ActiveCfg = Release|Any CPU
		{21CE6BB5-374F-4ED0-987F-5FD3BF6A7C1F}.Release|Any CPU.Build.0 = Release|Any CPU
	EndGlobalSection
	GlobalSection(SolutionProperties) = preSolution
		HideSolutionNode = FALSE
	EndGlobalSection
	GlobalSection(ExtensibilityGlobals) = postSolution
		SolutionGuid = {CAA90818-BE97-44EF-94F4-1FF8B2C2E78D}
	EndGlobalSection
EndGlobal
